// !$*UTF8*$!
{
	archiveVersion = 1;
	classes = {
	};
	objectVersion = 56;
	objects = {

/* Begin PBXBuildFile section */
		FD1B7E3F299A059100F91AA2 /* AppDelegate.swift in Sources */ = {isa = PBXBuildFile; fileRef = FD1B7E3E299A059100F91AA2 /* AppDelegate.swift */; };
		FD1B7E41299A059100F91AA2 /* SceneDelegate.swift in Sources */ = {isa = PBXBuildFile; fileRef = FD1B7E40299A059100F91AA2 /* SceneDelegate.swift */; };
		FD1B7E43299A059100F91AA2 /* RMTabBarController.swift in Sources */ = {isa = PBXBuildFile; fileRef = FD1B7E42299A059100F91AA2 /* RMTabBarController.swift */; };
		FD1B7E49299A059100F91AA2 /* RickAndMorty.xcdatamodeld in Sources */ = {isa = PBXBuildFile; fileRef = FD1B7E47299A059100F91AA2 /* RickAndMorty.xcdatamodeld */; };
		FD1B7E4B299A059400F91AA2 /* Assets.xcassets in Resources */ = {isa = PBXBuildFile; fileRef = FD1B7E4A299A059400F91AA2 /* Assets.xcassets */; };
		FD1B7E4E299A059400F91AA2 /* LaunchScreen.storyboard in Resources */ = {isa = PBXBuildFile; fileRef = FD1B7E4C299A059400F91AA2 /* LaunchScreen.storyboard */; };
		FD1B7E59299A059400F91AA2 /* RickAndMortyTests.swift in Sources */ = {isa = PBXBuildFile; fileRef = FD1B7E58299A059400F91AA2 /* RickAndMortyTests.swift */; };
		FD1B7E63299A059400F91AA2 /* RickAndMortyUITests.swift in Sources */ = {isa = PBXBuildFile; fileRef = FD1B7E62299A059400F91AA2 /* RickAndMortyUITests.swift */; };
		FD1B7E65299A059400F91AA2 /* RickAndMortyUITestsLaunchTests.swift in Sources */ = {isa = PBXBuildFile; fileRef = FD1B7E64299A059400F91AA2 /* RickAndMortyUITestsLaunchTests.swift */; };
		FD1B7E79299A0B0A00F91AA2 /* RMLocation.swift in Sources */ = {isa = PBXBuildFile; fileRef = FD1B7E78299A0B0A00F91AA2 /* RMLocation.swift */; };
		FD1B7E7B299A0B2900F91AA2 /* RMCharacter.swift in Sources */ = {isa = PBXBuildFile; fileRef = FD1B7E7A299A0B2900F91AA2 /* RMCharacter.swift */; };
		FD1B7E7D299A0B3800F91AA2 /* RMEpisode.swift in Sources */ = {isa = PBXBuildFile; fileRef = FD1B7E7C299A0B3800F91AA2 /* RMEpisode.swift */; };
		FD1B7E80299A0BE500F91AA2 /* RMCharacterViewController.swift in Sources */ = {isa = PBXBuildFile; fileRef = FD1B7E7F299A0BE500F91AA2 /* RMCharacterViewController.swift */; };
		FD1B7E82299A0C1600F91AA2 /* RMLocationViewController.swift in Sources */ = {isa = PBXBuildFile; fileRef = FD1B7E81299A0C1600F91AA2 /* RMLocationViewController.swift */; };
		FD1B7E84299A0C3600F91AA2 /* RMEpisodeViewController.swift in Sources */ = {isa = PBXBuildFile; fileRef = FD1B7E83299A0C3600F91AA2 /* RMEpisodeViewController.swift */; };
		FD1B7E86299A0C5700F91AA2 /* RMSettingsViewController.swift in Sources */ = {isa = PBXBuildFile; fileRef = FD1B7E85299A0C5700F91AA2 /* RMSettingsViewController.swift */; };
		FD1B7E88299B037C00F91AA2 /* RMService.swift in Sources */ = {isa = PBXBuildFile; fileRef = FD1B7E87299B037C00F91AA2 /* RMService.swift */; };
		FD1B7E8A299B039700F91AA2 /* RMRequest.swift in Sources */ = {isa = PBXBuildFile; fileRef = FD1B7E89299B039700F91AA2 /* RMRequest.swift */; };
		FD1B7E8C299B046100F91AA2 /* RMEndpoint.swift in Sources */ = {isa = PBXBuildFile; fileRef = FD1B7E8B299B046100F91AA2 /* RMEndpoint.swift */; };
		FD1B7E8E299B131D00F91AA2 /* RMOrigin.swift in Sources */ = {isa = PBXBuildFile; fileRef = FD1B7E8D299B131D00F91AA2 /* RMOrigin.swift */; };
		FD1B7E90299B16E700F91AA2 /* RMSingleLocation.swift in Sources */ = {isa = PBXBuildFile; fileRef = FD1B7E8F299B16E600F91AA2 /* RMSingleLocation.swift */; };
		FD1B7E94299B26E200F91AA2 /* RMCharacterStatus.swift in Sources */ = {isa = PBXBuildFile; fileRef = FD1B7E93299B26E200F91AA2 /* RMCharacterStatus.swift */; };
		FD1B7E96299B28F100F91AA2 /* RMCharacterGender.swift in Sources */ = {isa = PBXBuildFile; fileRef = FD1B7E95299B28F100F91AA2 /* RMCharacterGender.swift */; };
		FD6100272A1AF0670093B279 /* RMCharacterDetailViewController.swift in Sources */ = {isa = PBXBuildFile; fileRef = FD6100262A1AF0670093B279 /* RMCharacterDetailViewController.swift */; };
		FD6100292A1AF12E0093B279 /* RMCharacterDetailView.swift in Sources */ = {isa = PBXBuildFile; fileRef = FD6100282A1AF12E0093B279 /* RMCharacterDetailView.swift */; };
		FD61002B2A1AF16D0093B279 /* RMCharacterDetailViewViewModel.swift in Sources */ = {isa = PBXBuildFile; fileRef = FD61002A2A1AF16D0093B279 /* RMCharacterDetailViewViewModel.swift */; };
		FD61002D2A1BDA540093B279 /* RMFooterLoadingCollectionReusableView.swift in Sources */ = {isa = PBXBuildFile; fileRef = FD61002C2A1BDA540093B279 /* RMFooterLoadingCollectionReusableView.swift */; };
		FD76F96129B317F600C05E6D /* RMGetAllCharactersResult.swift in Sources */ = {isa = PBXBuildFile; fileRef = FD76F96029B317F600C05E6D /* RMGetAllCharactersResult.swift */; };
		FD8C9F5229F9A90F0010718D /* RMCharacterCollectionViewCell.swift in Sources */ = {isa = PBXBuildFile; fileRef = FD8C9F5129F9A90F0010718D /* RMCharacterCollectionViewCell.swift */; };
		FDCEA7192A0C57FB0048BC80 /* RMCharacterCollectionViewCellViewModel.swift in Sources */ = {isa = PBXBuildFile; fileRef = FDCEA7182A0C57FB0048BC80 /* RMCharacterCollectionViewCellViewModel.swift */; };
		FDEE585D29F887570021F875 /* CharacterListViewViewModel.swift in Sources */ = {isa = PBXBuildFile; fileRef = FDEE585C29F887570021F875 /* CharacterListViewViewModel.swift */; };
		FDEE585F29F887CC0021F875 /* CharacterListView.swift in Sources */ = {isa = PBXBuildFile; fileRef = FDEE585E29F887CC0021F875 /* CharacterListView.swift */; };
		FDEE586129F892000021F875 /* Extensions.swift in Sources */ = {isa = PBXBuildFile; fileRef = FDEE586029F892000021F875 /* Extensions.swift */; };
/* End PBXBuildFile section */

/* Begin PBXContainerItemProxy section */
		FD1B7E55299A059400F91AA2 /* PBXContainerItemProxy */ = {
			isa = PBXContainerItemProxy;
			containerPortal = FD1B7E33299A059100F91AA2 /* Project object */;
			proxyType = 1;
			remoteGlobalIDString = FD1B7E3A299A059100F91AA2;
			remoteInfo = RickAndMorty;
		};
		FD1B7E5F299A059400F91AA2 /* PBXContainerItemProxy */ = {
			isa = PBXContainerItemProxy;
			containerPortal = FD1B7E33299A059100F91AA2 /* Project object */;
			proxyType = 1;
			remoteGlobalIDString = FD1B7E3A299A059100F91AA2;
			remoteInfo = RickAndMorty;
		};
/* End PBXContainerItemProxy section */

/* Begin PBXFileReference section */
		FD1B7E3B299A059100F91AA2 /* RickAndMorty.app */ = {isa = PBXFileReference; explicitFileType = wrapper.application; includeInIndex = 0; path = RickAndMorty.app; sourceTree = BUILT_PRODUCTS_DIR; };
		FD1B7E3E299A059100F91AA2 /* AppDelegate.swift */ = {isa = PBXFileReference; lastKnownFileType = sourcecode.swift; path = AppDelegate.swift; sourceTree = "<group>"; };
		FD1B7E40299A059100F91AA2 /* SceneDelegate.swift */ = {isa = PBXFileReference; lastKnownFileType = sourcecode.swift; path = SceneDelegate.swift; sourceTree = "<group>"; };
		FD1B7E42299A059100F91AA2 /* RMTabBarController.swift */ = {isa = PBXFileReference; lastKnownFileType = sourcecode.swift; path = RMTabBarController.swift; sourceTree = "<group>"; };
		FD1B7E48299A059100F91AA2 /* RickAndMorty.xcdatamodel */ = {isa = PBXFileReference; lastKnownFileType = wrapper.xcdatamodel; path = RickAndMorty.xcdatamodel; sourceTree = "<group>"; };
		FD1B7E4A299A059400F91AA2 /* Assets.xcassets */ = {isa = PBXFileReference; lastKnownFileType = folder.assetcatalog; path = Assets.xcassets; sourceTree = "<group>"; };
		FD1B7E4D299A059400F91AA2 /* Base */ = {isa = PBXFileReference; lastKnownFileType = file.storyboard; name = Base; path = Base.lproj/LaunchScreen.storyboard; sourceTree = "<group>"; };
		FD1B7E4F299A059400F91AA2 /* Info.plist */ = {isa = PBXFileReference; lastKnownFileType = text.plist.xml; path = Info.plist; sourceTree = "<group>"; };
		FD1B7E54299A059400F91AA2 /* RickAndMortyTests.xctest */ = {isa = PBXFileReference; explicitFileType = wrapper.cfbundle; includeInIndex = 0; path = RickAndMortyTests.xctest; sourceTree = BUILT_PRODUCTS_DIR; };
		FD1B7E58299A059400F91AA2 /* RickAndMortyTests.swift */ = {isa = PBXFileReference; lastKnownFileType = sourcecode.swift; path = RickAndMortyTests.swift; sourceTree = "<group>"; };
		FD1B7E5E299A059400F91AA2 /* RickAndMortyUITests.xctest */ = {isa = PBXFileReference; explicitFileType = wrapper.cfbundle; includeInIndex = 0; path = RickAndMortyUITests.xctest; sourceTree = BUILT_PRODUCTS_DIR; };
		FD1B7E62299A059400F91AA2 /* RickAndMortyUITests.swift */ = {isa = PBXFileReference; lastKnownFileType = sourcecode.swift; path = RickAndMortyUITests.swift; sourceTree = "<group>"; };
		FD1B7E64299A059400F91AA2 /* RickAndMortyUITestsLaunchTests.swift */ = {isa = PBXFileReference; lastKnownFileType = sourcecode.swift; path = RickAndMortyUITestsLaunchTests.swift; sourceTree = "<group>"; };
		FD1B7E78299A0B0A00F91AA2 /* RMLocation.swift */ = {isa = PBXFileReference; lastKnownFileType = sourcecode.swift; path = RMLocation.swift; sourceTree = "<group>"; };
		FD1B7E7A299A0B2900F91AA2 /* RMCharacter.swift */ = {isa = PBXFileReference; lastKnownFileType = sourcecode.swift; path = RMCharacter.swift; sourceTree = "<group>"; };
		FD1B7E7C299A0B3800F91AA2 /* RMEpisode.swift */ = {isa = PBXFileReference; lastKnownFileType = sourcecode.swift; path = RMEpisode.swift; sourceTree = "<group>"; };
		FD1B7E7F299A0BE500F91AA2 /* RMCharacterViewController.swift */ = {isa = PBXFileReference; lastKnownFileType = sourcecode.swift; path = RMCharacterViewController.swift; sourceTree = "<group>"; };
		FD1B7E81299A0C1600F91AA2 /* RMLocationViewController.swift */ = {isa = PBXFileReference; lastKnownFileType = sourcecode.swift; path = RMLocationViewController.swift; sourceTree = "<group>"; };
		FD1B7E83299A0C3600F91AA2 /* RMEpisodeViewController.swift */ = {isa = PBXFileReference; lastKnownFileType = sourcecode.swift; path = RMEpisodeViewController.swift; sourceTree = "<group>"; };
		FD1B7E85299A0C5700F91AA2 /* RMSettingsViewController.swift */ = {isa = PBXFileReference; lastKnownFileType = sourcecode.swift; path = RMSettingsViewController.swift; sourceTree = "<group>"; };
		FD1B7E87299B037C00F91AA2 /* RMService.swift */ = {isa = PBXFileReference; lastKnownFileType = sourcecode.swift; path = RMService.swift; sourceTree = "<group>"; };
		FD1B7E89299B039700F91AA2 /* RMRequest.swift */ = {isa = PBXFileReference; lastKnownFileType = sourcecode.swift; path = RMRequest.swift; sourceTree = "<group>"; };
		FD1B7E8B299B046100F91AA2 /* RMEndpoint.swift */ = {isa = PBXFileReference; lastKnownFileType = sourcecode.swift; path = RMEndpoint.swift; sourceTree = "<group>"; };
		FD1B7E8D299B131D00F91AA2 /* RMOrigin.swift */ = {isa = PBXFileReference; lastKnownFileType = sourcecode.swift; path = RMOrigin.swift; sourceTree = "<group>"; };
		FD1B7E8F299B16E600F91AA2 /* RMSingleLocation.swift */ = {isa = PBXFileReference; lastKnownFileType = sourcecode.swift; path = RMSingleLocation.swift; sourceTree = "<group>"; };
		FD1B7E93299B26E200F91AA2 /* RMCharacterStatus.swift */ = {isa = PBXFileReference; lastKnownFileType = sourcecode.swift; path = RMCharacterStatus.swift; sourceTree = "<group>"; };
		FD1B7E95299B28F100F91AA2 /* RMCharacterGender.swift */ = {isa = PBXFileReference; lastKnownFileType = sourcecode.swift; path = RMCharacterGender.swift; sourceTree = "<group>"; };
		FD6100262A1AF0670093B279 /* RMCharacterDetailViewController.swift */ = {isa = PBXFileReference; lastKnownFileType = sourcecode.swift; path = RMCharacterDetailViewController.swift; sourceTree = "<group>"; };
		FD6100282A1AF12E0093B279 /* RMCharacterDetailView.swift */ = {isa = PBXFileReference; lastKnownFileType = sourcecode.swift; path = RMCharacterDetailView.swift; sourceTree = "<group>"; };
		FD61002A2A1AF16D0093B279 /* RMCharacterDetailViewViewModel.swift */ = {isa = PBXFileReference; lastKnownFileType = sourcecode.swift; path = RMCharacterDetailViewViewModel.swift; sourceTree = "<group>"; };
		FD61002C2A1BDA540093B279 /* RMFooterLoadingCollectionReusableView.swift */ = {isa = PBXFileReference; lastKnownFileType = sourcecode.swift; path = RMFooterLoadingCollectionReusableView.swift; sourceTree = "<group>"; };
		FD76F96029B317F600C05E6D /* RMGetAllCharactersResult.swift */ = {isa = PBXFileReference; lastKnownFileType = sourcecode.swift; path = RMGetAllCharactersResult.swift; sourceTree = "<group>"; };
		FD8C9F5129F9A90F0010718D /* RMCharacterCollectionViewCell.swift */ = {isa = PBXFileReference; lastKnownFileType = sourcecode.swift; path = RMCharacterCollectionViewCell.swift; sourceTree = "<group>"; };
		FDCEA7182A0C57FB0048BC80 /* RMCharacterCollectionViewCellViewModel.swift */ = {isa = PBXFileReference; lastKnownFileType = sourcecode.swift; path = RMCharacterCollectionViewCellViewModel.swift; sourceTree = "<group>"; };
		FDEE585C29F887570021F875 /* CharacterListViewViewModel.swift */ = {isa = PBXFileReference; lastKnownFileType = sourcecode.swift; path = CharacterListViewViewModel.swift; sourceTree = "<group>"; };
		FDEE585E29F887CC0021F875 /* CharacterListView.swift */ = {isa = PBXFileReference; lastKnownFileType = sourcecode.swift; path = CharacterListView.swift; sourceTree = "<group>"; };
		FDEE586029F892000021F875 /* Extensions.swift */ = {isa = PBXFileReference; lastKnownFileType = sourcecode.swift; path = Extensions.swift; sourceTree = "<group>"; };
/* End PBXFileReference section */

/* Begin PBXFrameworksBuildPhase section */
		FD1B7E38299A059100F91AA2 /* Frameworks */ = {
			isa = PBXFrameworksBuildPhase;
			buildActionMask = 2147483647;
			files = (
			);
			runOnlyForDeploymentPostprocessing = 0;
		};
		FD1B7E51299A059400F91AA2 /* Frameworks */ = {
			isa = PBXFrameworksBuildPhase;
			buildActionMask = 2147483647;
			files = (
			);
			runOnlyForDeploymentPostprocessing = 0;
		};
		FD1B7E5B299A059400F91AA2 /* Frameworks */ = {
			isa = PBXFrameworksBuildPhase;
			buildActionMask = 2147483647;
			files = (
			);
			runOnlyForDeploymentPostprocessing = 0;
		};
/* End PBXFrameworksBuildPhase section */

/* Begin PBXGroup section */
		FD1B7E32299A059100F91AA2 = {
			isa = PBXGroup;
			children = (
				FD1B7E3D299A059100F91AA2 /* RickAndMorty */,
				FD1B7E57299A059400F91AA2 /* RickAndMortyTests */,
				FD1B7E61299A059400F91AA2 /* RickAndMortyUITests */,
				FD1B7E3C299A059100F91AA2 /* Products */,
			);
			sourceTree = "<group>";
		};
		FD1B7E3C299A059100F91AA2 /* Products */ = {
			isa = PBXGroup;
			children = (
				FD1B7E3B299A059100F91AA2 /* RickAndMorty.app */,
				FD1B7E54299A059400F91AA2 /* RickAndMortyTests.xctest */,
				FD1B7E5E299A059400F91AA2 /* RickAndMortyUITests.xctest */,
			);
			name = Products;
			sourceTree = "<group>";
		};
		FD1B7E3D299A059100F91AA2 /* RickAndMorty */ = {
			isa = PBXGroup;
			children = (
				FD1B7E77299A098D00F91AA2 /* APIClient */,
				FD1B7E76299A097B00F91AA2 /* Managers */,
				FD1B7E75299A096A00F91AA2 /* Resources */,
				FD1B7E74299A093700F91AA2 /* ViewModels */,
				FD1B7E73299A092500F91AA2 /* Views */,
				FD1B7E72299A090C00F91AA2 /* Models */,
				FD1B7E71299A08FE00F91AA2 /* Controllers */,
				FD1B7E4F299A059400F91AA2 /* Info.plist */,
				FD1B7E47299A059100F91AA2 /* RickAndMorty.xcdatamodeld */,
			);
			path = RickAndMorty;
			sourceTree = "<group>";
		};
		FD1B7E57299A059400F91AA2 /* RickAndMortyTests */ = {
			isa = PBXGroup;
			children = (
				FD1B7E58299A059400F91AA2 /* RickAndMortyTests.swift */,
			);
			path = RickAndMortyTests;
			sourceTree = "<group>";
		};
		FD1B7E61299A059400F91AA2 /* RickAndMortyUITests */ = {
			isa = PBXGroup;
			children = (
				FD1B7E62299A059400F91AA2 /* RickAndMortyUITests.swift */,
				FD1B7E64299A059400F91AA2 /* RickAndMortyUITestsLaunchTests.swift */,
			);
			path = RickAndMortyUITests;
			sourceTree = "<group>";
		};
		FD1B7E71299A08FE00F91AA2 /* Controllers */ = {
			isa = PBXGroup;
			children = (
				FD6100252A1AF01A0093B279 /* Other */,
				FD1B7E7E299A0B9700F91AA2 /* Core */,
			);
			path = Controllers;
			sourceTree = "<group>";
		};
		FD1B7E72299A090C00F91AA2 /* Models */ = {
			isa = PBXGroup;
			children = (
				FD76F95F29B317AE00C05E6D /* APIResponseTypes */,
				FD76F95E29B3178700C05E6D /* DataTypes */,
			);
			path = Models;
			sourceTree = "<group>";
		};
		FD1B7E73299A092500F91AA2 /* Views */ = {
			isa = PBXGroup;
			children = (
				FDEE585E29F887CC0021F875 /* CharacterListView.swift */,
				FD8C9F5129F9A90F0010718D /* RMCharacterCollectionViewCell.swift */,
				FD6100282A1AF12E0093B279 /* RMCharacterDetailView.swift */,
				FD61002C2A1BDA540093B279 /* RMFooterLoadingCollectionReusableView.swift */,
			);
			path = Views;
			sourceTree = "<group>";
		};
		FD1B7E74299A093700F91AA2 /* ViewModels */ = {
			isa = PBXGroup;
			children = (
				FDEE585C29F887570021F875 /* CharacterListViewViewModel.swift */,
				FDCEA7182A0C57FB0048BC80 /* RMCharacterCollectionViewCellViewModel.swift */,
				FD61002A2A1AF16D0093B279 /* RMCharacterDetailViewViewModel.swift */,
			);
			path = ViewModels;
			sourceTree = "<group>";
		};
		FD1B7E75299A096A00F91AA2 /* Resources */ = {
			isa = PBXGroup;
			children = (
				FD1B7E4A299A059400F91AA2 /* Assets.xcassets */,
				FD1B7E40299A059100F91AA2 /* SceneDelegate.swift */,
				FD1B7E4C299A059400F91AA2 /* LaunchScreen.storyboard */,
				FD1B7E3E299A059100F91AA2 /* AppDelegate.swift */,
				FDEE586029F892000021F875 /* Extensions.swift */,
			);
			path = Resources;
			sourceTree = "<group>";
		};
		FD1B7E76299A097B00F91AA2 /* Managers */ = {
			isa = PBXGroup;
			children = (
			);
			path = Managers;
			sourceTree = "<group>";
		};
		FD1B7E77299A098D00F91AA2 /* APIClient */ = {
			isa = PBXGroup;
			children = (
				FD1B7E87299B037C00F91AA2 /* RMService.swift */,
				FD1B7E89299B039700F91AA2 /* RMRequest.swift */,
				FD1B7E8B299B046100F91AA2 /* RMEndpoint.swift */,
			);
			path = APIClient;
			sourceTree = "<group>";
		};
		FD1B7E7E299A0B9700F91AA2 /* Core */ = {
			isa = PBXGroup;
			children = (
				FD1B7E42299A059100F91AA2 /* RMTabBarController.swift */,
				FD1B7E7F299A0BE500F91AA2 /* RMCharacterViewController.swift */,
				FD1B7E81299A0C1600F91AA2 /* RMLocationViewController.swift */,
				FD1B7E83299A0C3600F91AA2 /* RMEpisodeViewController.swift */,
				FD1B7E85299A0C5700F91AA2 /* RMSettingsViewController.swift */,
			);
			path = Core;
			sourceTree = "<group>";
		};
		FD6100252A1AF01A0093B279 /* Other */ = {
			isa = PBXGroup;
			children = (
				FD6100262A1AF0670093B279 /* RMCharacterDetailViewController.swift */,
			);
			path = Other;
			sourceTree = "<group>";
		};
		FD76F95E29B3178700C05E6D /* DataTypes */ = {
			isa = PBXGroup;
			children = (
				FD1B7E78299A0B0A00F91AA2 /* RMLocation.swift */,
				FD1B7E7A299A0B2900F91AA2 /* RMCharacter.swift */,
				FD1B7E7C299A0B3800F91AA2 /* RMEpisode.swift */,
				FD1B7E8D299B131D00F91AA2 /* RMOrigin.swift */,
				FD1B7E8F299B16E600F91AA2 /* RMSingleLocation.swift */,
				FD1B7E93299B26E200F91AA2 /* RMCharacterStatus.swift */,
				FD1B7E95299B28F100F91AA2 /* RMCharacterGender.swift */,
			);
			path = DataTypes;
			sourceTree = "<group>";
		};
		FD76F95F29B317AE00C05E6D /* APIResponseTypes */ = {
			isa = PBXGroup;
			children = (
				FD76F96029B317F600C05E6D /* RMGetAllCharactersResult.swift */,
			);
			path = APIResponseTypes;
			sourceTree = "<group>";
		};
/* End PBXGroup section */

/* Begin PBXNativeTarget section */
		FD1B7E3A299A059100F91AA2 /* RickAndMorty */ = {
			isa = PBXNativeTarget;
			buildConfigurationList = FD1B7E68299A059400F91AA2 /* Build configuration list for PBXNativeTarget "RickAndMorty" */;
			buildPhases = (
				FD1B7E37299A059100F91AA2 /* Sources */,
				FD1B7E38299A059100F91AA2 /* Frameworks */,
				FD1B7E39299A059100F91AA2 /* Resources */,
			);
			buildRules = (
			);
			dependencies = (
			);
			name = RickAndMorty;
			productName = RickAndMorty;
			productReference = FD1B7E3B299A059100F91AA2 /* RickAndMorty.app */;
			productType = "com.apple.product-type.application";
		};
		FD1B7E53299A059400F91AA2 /* RickAndMortyTests */ = {
			isa = PBXNativeTarget;
			buildConfigurationList = FD1B7E6B299A059400F91AA2 /* Build configuration list for PBXNativeTarget "RickAndMortyTests" */;
			buildPhases = (
				FD1B7E50299A059400F91AA2 /* Sources */,
				FD1B7E51299A059400F91AA2 /* Frameworks */,
				FD1B7E52299A059400F91AA2 /* Resources */,
			);
			buildRules = (
			);
			dependencies = (
				FD1B7E56299A059400F91AA2 /* PBXTargetDependency */,
			);
			name = RickAndMortyTests;
			productName = RickAndMortyTests;
			productReference = FD1B7E54299A059400F91AA2 /* RickAndMortyTests.xctest */;
			productType = "com.apple.product-type.bundle.unit-test";
		};
		FD1B7E5D299A059400F91AA2 /* RickAndMortyUITests */ = {
			isa = PBXNativeTarget;
			buildConfigurationList = FD1B7E6E299A059400F91AA2 /* Build configuration list for PBXNativeTarget "RickAndMortyUITests" */;
			buildPhases = (
				FD1B7E5A299A059400F91AA2 /* Sources */,
				FD1B7E5B299A059400F91AA2 /* Frameworks */,
				FD1B7E5C299A059400F91AA2 /* Resources */,
			);
			buildRules = (
			);
			dependencies = (
				FD1B7E60299A059400F91AA2 /* PBXTargetDependency */,
			);
			name = RickAndMortyUITests;
			productName = RickAndMortyUITests;
			productReference = FD1B7E5E299A059400F91AA2 /* RickAndMortyUITests.xctest */;
			productType = "com.apple.product-type.bundle.ui-testing";
		};
/* End PBXNativeTarget section */

/* Begin PBXProject section */
		FD1B7E33299A059100F91AA2 /* Project object */ = {
			isa = PBXProject;
			attributes = {
				BuildIndependentTargetsInParallel = 1;
				LastSwiftUpdateCheck = 1420;
				LastUpgradeCheck = 1420;
				TargetAttributes = {
					FD1B7E3A299A059100F91AA2 = {
						CreatedOnToolsVersion = 14.2;
					};
					FD1B7E53299A059400F91AA2 = {
						CreatedOnToolsVersion = 14.2;
						TestTargetID = FD1B7E3A299A059100F91AA2;
					};
					FD1B7E5D299A059400F91AA2 = {
						CreatedOnToolsVersion = 14.2;
						TestTargetID = FD1B7E3A299A059100F91AA2;
					};
				};
			};
			buildConfigurationList = FD1B7E36299A059100F91AA2 /* Build configuration list for PBXProject "RickAndMorty" */;
			compatibilityVersion = "Xcode 14.0";
			developmentRegion = en;
			hasScannedForEncodings = 0;
			knownRegions = (
				en,
				Base,
			);
			mainGroup = FD1B7E32299A059100F91AA2;
			productRefGroup = FD1B7E3C299A059100F91AA2 /* Products */;
			projectDirPath = "";
			projectRoot = "";
			targets = (
				FD1B7E3A299A059100F91AA2 /* RickAndMorty */,
				FD1B7E53299A059400F91AA2 /* RickAndMortyTests */,
				FD1B7E5D299A059400F91AA2 /* RickAndMortyUITests */,
			);
		};
/* End PBXProject section */

/* Begin PBXResourcesBuildPhase section */
		FD1B7E39299A059100F91AA2 /* Resources */ = {
			isa = PBXResourcesBuildPhase;
			buildActionMask = 2147483647;
			files = (
				FD1B7E4E299A059400F91AA2 /* LaunchScreen.storyboard in Resources */,
				FD1B7E4B299A059400F91AA2 /* Assets.xcassets in Resources */,
			);
			runOnlyForDeploymentPostprocessing = 0;
		};
		FD1B7E52299A059400F91AA2 /* Resources */ = {
			isa = PBXResourcesBuildPhase;
			buildActionMask = 2147483647;
			files = (
			);
			runOnlyForDeploymentPostprocessing = 0;
		};
		FD1B7E5C299A059400F91AA2 /* Resources */ = {
			isa = PBXResourcesBuildPhase;
			buildActionMask = 2147483647;
			files = (
			);
			runOnlyForDeploymentPostprocessing = 0;
		};
/* End PBXResourcesBuildPhase section */

/* Begin PBXSourcesBuildPhase section */
		FD1B7E37299A059100F91AA2 /* Sources */ = {
			isa = PBXSourcesBuildPhase;
			buildActionMask = 2147483647;
			files = (
				FD1B7E82299A0C1600F91AA2 /* RMLocationViewController.swift in Sources */,
				FD1B7E7B299A0B2900F91AA2 /* RMCharacter.swift in Sources */,
				FD1B7E88299B037C00F91AA2 /* RMService.swift in Sources */,
				FD1B7E49299A059100F91AA2 /* RickAndMorty.xcdatamodeld in Sources */,
				FD1B7E84299A0C3600F91AA2 /* RMEpisodeViewController.swift in Sources */,
				FD1B7E8C299B046100F91AA2 /* RMEndpoint.swift in Sources */,
				FD1B7E7D299A0B3800F91AA2 /* RMEpisode.swift in Sources */,
				FD1B7E8A299B039700F91AA2 /* RMRequest.swift in Sources */,
				FD1B7E86299A0C5700F91AA2 /* RMSettingsViewController.swift in Sources */,
				FDEE586129F892000021F875 /* Extensions.swift in Sources */,
				FDEE585F29F887CC0021F875 /* CharacterListView.swift in Sources */,
				FD6100272A1AF0670093B279 /* RMCharacterDetailViewController.swift in Sources */,
				FD1B7E94299B26E200F91AA2 /* RMCharacterStatus.swift in Sources */,
				FD1B7E43299A059100F91AA2 /* RMTabBarController.swift in Sources */,
				FD1B7E96299B28F100F91AA2 /* RMCharacterGender.swift in Sources */,
				FD1B7E79299A0B0A00F91AA2 /* RMLocation.swift in Sources */,
				FD61002B2A1AF16D0093B279 /* RMCharacterDetailViewViewModel.swift in Sources */,
				FD76F96129B317F600C05E6D /* RMGetAllCharactersResult.swift in Sources */,
				FD1B7E90299B16E700F91AA2 /* RMSingleLocation.swift in Sources */,
				FD6100292A1AF12E0093B279 /* RMCharacterDetailView.swift in Sources */,
				FD1B7E80299A0BE500F91AA2 /* RMCharacterViewController.swift in Sources */,
				FD1B7E3F299A059100F91AA2 /* AppDelegate.swift in Sources */,
				FD8C9F5229F9A90F0010718D /* RMCharacterCollectionViewCell.swift in Sources */,
				FD1B7E8E299B131D00F91AA2 /* RMOrigin.swift in Sources */,
				FD61002D2A1BDA540093B279 /* RMFooterLoadingCollectionReusableView.swift in Sources */,
				FDEE585D29F887570021F875 /* CharacterListViewViewModel.swift in Sources */,
				FDCEA7192A0C57FB0048BC80 /* RMCharacterCollectionViewCellViewModel.swift in Sources */,
				FD1B7E41299A059100F91AA2 /* SceneDelegate.swift in Sources */,
			);
			runOnlyForDeploymentPostprocessing = 0;
		};
		FD1B7E50299A059400F91AA2 /* Sources */ = {
			isa = PBXSourcesBuildPhase;
			buildActionMask = 2147483647;
			files = (
				FD1B7E59299A059400F91AA2 /* RickAndMortyTests.swift in Sources */,
			);
			runOnlyForDeploymentPostprocessing = 0;
		};
		FD1B7E5A299A059400F91AA2 /* Sources */ = {
			isa = PBXSourcesBuildPhase;
			buildActionMask = 2147483647;
			files = (
				FD1B7E63299A059400F91AA2 /* RickAndMortyUITests.swift in Sources */,
				FD1B7E65299A059400F91AA2 /* RickAndMortyUITestsLaunchTests.swift in Sources */,
			);
			runOnlyForDeploymentPostprocessing = 0;
		};
/* End PBXSourcesBuildPhase section */

/* Begin PBXTargetDependency section */
		FD1B7E56299A059400F91AA2 /* PBXTargetDependency */ = {
			isa = PBXTargetDependency;
			target = FD1B7E3A299A059100F91AA2 /* RickAndMorty */;
			targetProxy = FD1B7E55299A059400F91AA2 /* PBXContainerItemProxy */;
		};
		FD1B7E60299A059400F91AA2 /* PBXTargetDependency */ = {
			isa = PBXTargetDependency;
			target = FD1B7E3A299A059100F91AA2 /* RickAndMorty */;
			targetProxy = FD1B7E5F299A059400F91AA2 /* PBXContainerItemProxy */;
		};
/* End PBXTargetDependency section */

/* Begin PBXVariantGroup section */
		FD1B7E4C299A059400F91AA2 /* LaunchScreen.storyboard */ = {
			isa = PBXVariantGroup;
			children = (
				FD1B7E4D299A059400F91AA2 /* Base */,
			);
			name = LaunchScreen.storyboard;
			sourceTree = "<group>";
		};
/* End PBXVariantGroup section */

/* Begin XCBuildConfiguration section */
		FD1B7E66299A059400F91AA2 /* Debug */ = {
			isa = XCBuildConfiguration;
			buildSettings = {
				ALWAYS_SEARCH_USER_PATHS = NO;
				CLANG_ANALYZER_NONNULL = YES;
				CLANG_ANALYZER_NUMBER_OBJECT_CONVERSION = YES_AGGRESSIVE;
				CLANG_CXX_LANGUAGE_STANDARD = "gnu++20";
				CLANG_ENABLE_MODULES = YES;
				CLANG_ENABLE_OBJC_ARC = YES;
				CLANG_ENABLE_OBJC_WEAK = YES;
				CLANG_WARN_BLOCK_CAPTURE_AUTORELEASING = YES;
				CLANG_WARN_BOOL_CONVERSION = YES;
				CLANG_WARN_COMMA = YES;
				CLANG_WARN_CONSTANT_CONVERSION = YES;
				CLANG_WARN_DEPRECATED_OBJC_IMPLEMENTATIONS = YES;
				CLANG_WARN_DIRECT_OBJC_ISA_USAGE = YES_ERROR;
				CLANG_WARN_DOCUMENTATION_COMMENTS = YES;
				CLANG_WARN_EMPTY_BODY = YES;
				CLANG_WARN_ENUM_CONVERSION = YES;
				CLANG_WARN_INFINITE_RECURSION = YES;
				CLANG_WARN_INT_CONVERSION = YES;
				CLANG_WARN_NON_LITERAL_NULL_CONVERSION = YES;
				CLANG_WARN_OBJC_IMPLICIT_RETAIN_SELF = YES;
				CLANG_WARN_OBJC_LITERAL_CONVERSION = YES;
				CLANG_WARN_OBJC_ROOT_CLASS = YES_ERROR;
				CLANG_WARN_QUOTED_INCLUDE_IN_FRAMEWORK_HEADER = YES;
				CLANG_WARN_RANGE_LOOP_ANALYSIS = YES;
				CLANG_WARN_STRICT_PROTOTYPES = YES;
				CLANG_WARN_SUSPICIOUS_MOVE = YES;
				CLANG_WARN_UNGUARDED_AVAILABILITY = YES_AGGRESSIVE;
				CLANG_WARN_UNREACHABLE_CODE = YES;
				CLANG_WARN__DUPLICATE_METHOD_MATCH = YES;
				COPY_PHASE_STRIP = NO;
				DEBUG_INFORMATION_FORMAT = dwarf;
				ENABLE_STRICT_OBJC_MSGSEND = YES;
				ENABLE_TESTABILITY = YES;
				GCC_C_LANGUAGE_STANDARD = gnu11;
				GCC_DYNAMIC_NO_PIC = NO;
				GCC_NO_COMMON_BLOCKS = YES;
				GCC_OPTIMIZATION_LEVEL = 0;
				GCC_PREPROCESSOR_DEFINITIONS = (
					"DEBUG=1",
					"$(inherited)",
				);
				GCC_WARN_64_TO_32_BIT_CONVERSION = YES;
				GCC_WARN_ABOUT_RETURN_TYPE = YES_ERROR;
				GCC_WARN_UNDECLARED_SELECTOR = YES;
				GCC_WARN_UNINITIALIZED_AUTOS = YES_AGGRESSIVE;
				GCC_WARN_UNUSED_FUNCTION = YES;
				GCC_WARN_UNUSED_VARIABLE = YES;
				IPHONEOS_DEPLOYMENT_TARGET = 16.2;
				MTL_ENABLE_DEBUG_INFO = INCLUDE_SOURCE;
				MTL_FAST_MATH = YES;
				ONLY_ACTIVE_ARCH = YES;
				SDKROOT = iphoneos;
				SWIFT_ACTIVE_COMPILATION_CONDITIONS = DEBUG;
				SWIFT_OPTIMIZATION_LEVEL = "-Onone";
			};
			name = Debug;
		};
		FD1B7E67299A059400F91AA2 /* Release */ = {
			isa = XCBuildConfiguration;
			buildSettings = {
				ALWAYS_SEARCH_USER_PATHS = NO;
				CLANG_ANALYZER_NONNULL = YES;
				CLANG_ANALYZER_NUMBER_OBJECT_CONVERSION = YES_AGGRESSIVE;
				CLANG_CXX_LANGUAGE_STANDARD = "gnu++20";
				CLANG_ENABLE_MODULES = YES;
				CLANG_ENABLE_OBJC_ARC = YES;
				CLANG_ENABLE_OBJC_WEAK = YES;
				CLANG_WARN_BLOCK_CAPTURE_AUTORELEASING = YES;
				CLANG_WARN_BOOL_CONVERSION = YES;
				CLANG_WARN_COMMA = YES;
				CLANG_WARN_CONSTANT_CONVERSION = YES;
				CLANG_WARN_DEPRECATED_OBJC_IMPLEMENTATIONS = YES;
				CLANG_WARN_DIRECT_OBJC_ISA_USAGE = YES_ERROR;
				CLANG_WARN_DOCUMENTATION_COMMENTS = YES;
				CLANG_WARN_EMPTY_BODY = YES;
				CLANG_WARN_ENUM_CONVERSION = YES;
				CLANG_WARN_INFINITE_RECURSION = YES;
				CLANG_WARN_INT_CONVERSION = YES;
				CLANG_WARN_NON_LITERAL_NULL_CONVERSION = YES;
				CLANG_WARN_OBJC_IMPLICIT_RETAIN_SELF = YES;
				CLANG_WARN_OBJC_LITERAL_CONVERSION = YES;
				CLANG_WARN_OBJC_ROOT_CLASS = YES_ERROR;
				CLANG_WARN_QUOTED_INCLUDE_IN_FRAMEWORK_HEADER = YES;
				CLANG_WARN_RANGE_LOOP_ANALYSIS = YES;
				CLANG_WARN_STRICT_PROTOTYPES = YES;
				CLANG_WARN_SUSPICIOUS_MOVE = YES;
				CLANG_WARN_UNGUARDED_AVAILABILITY = YES_AGGRESSIVE;
				CLANG_WARN_UNREACHABLE_CODE = YES;
				CLANG_WARN__DUPLICATE_METHOD_MATCH = YES;
				COPY_PHASE_STRIP = NO;
				DEBUG_INFORMATION_FORMAT = "dwarf-with-dsym";
				ENABLE_NS_ASSERTIONS = NO;
				ENABLE_STRICT_OBJC_MSGSEND = YES;
				GCC_C_LANGUAGE_STANDARD = gnu11;
				GCC_NO_COMMON_BLOCKS = YES;
				GCC_WARN_64_TO_32_BIT_CONVERSION = YES;
				GCC_WARN_ABOUT_RETURN_TYPE = YES_ERROR;
				GCC_WARN_UNDECLARED_SELECTOR = YES;
				GCC_WARN_UNINITIALIZED_AUTOS = YES_AGGRESSIVE;
				GCC_WARN_UNUSED_FUNCTION = YES;
				GCC_WARN_UNUSED_VARIABLE = YES;
				IPHONEOS_DEPLOYMENT_TARGET = 16.2;
				MTL_ENABLE_DEBUG_INFO = NO;
				MTL_FAST_MATH = YES;
				SDKROOT = iphoneos;
				SWIFT_COMPILATION_MODE = wholemodule;
				SWIFT_OPTIMIZATION_LEVEL = "-O";
				VALIDATE_PRODUCT = YES;
			};
			name = Release;
		};
		FD1B7E69299A059400F91AA2 /* Debug */ = {
			isa = XCBuildConfiguration;
			buildSettings = {
				ASSETCATALOG_COMPILER_APPICON_NAME = AppIcon;
				ASSETCATALOG_COMPILER_GLOBAL_ACCENT_COLOR_NAME = AccentColor;
				CODE_SIGN_STYLE = Automatic;
				CURRENT_PROJECT_VERSION = 1;
				GENERATE_INFOPLIST_FILE = YES;
				INFOPLIST_FILE = RickAndMorty/Info.plist;
				INFOPLIST_KEY_UIApplicationSupportsIndirectInputEvents = YES;
				INFOPLIST_KEY_UILaunchStoryboardName = LaunchScreen;
				INFOPLIST_KEY_UISupportedInterfaceOrientations_iPad = "UIInterfaceOrientationPortrait UIInterfaceOrientationPortraitUpsideDown UIInterfaceOrientationLandscapeLeft UIInterfaceOrientationLandscapeRight";
				INFOPLIST_KEY_UISupportedInterfaceOrientations_iPhone = "UIInterfaceOrientationPortrait UIInterfaceOrientationLandscapeLeft UIInterfaceOrientationLandscapeRight";
				LD_RUNPATH_SEARCH_PATHS = (
					"$(inherited)",
					"@executable_path/Frameworks",
				);
				MARKETING_VERSION = 1.0;
				PRODUCT_BUNDLE_IDENTIFIER = Wolfteinter.RickAndMorty;
				PRODUCT_NAME = "$(TARGET_NAME)";
				SWIFT_EMIT_LOC_STRINGS = YES;
				SWIFT_VERSION = 5.0;
				TARGETED_DEVICE_FAMILY = "1,2";
			};
			name = Debug;
		};
		FD1B7E6A299A059400F91AA2 /* Release */ = {
			isa = XCBuildConfiguration;
			buildSettings = {
				ASSETCATALOG_COMPILER_APPICON_NAME = AppIcon;
				ASSETCATALOG_COMPILER_GLOBAL_ACCENT_COLOR_NAME = AccentColor;
				CODE_SIGN_STYLE = Automatic;
				CURRENT_PROJECT_VERSION = 1;
				GENERATE_INFOPLIST_FILE = YES;
				INFOPLIST_FILE = RickAndMorty/Info.plist;
				INFOPLIST_KEY_UIApplicationSupportsIndirectInputEvents = YES;
				INFOPLIST_KEY_UILaunchStoryboardName = LaunchScreen;
				INFOPLIST_KEY_UISupportedInterfaceOrientations_iPad = "UIInterfaceOrientationPortrait UIInterfaceOrientationPortraitUpsideDown UIInterfaceOrientationLandscapeLeft UIInterfaceOrientationLandscapeRight";
				INFOPLIST_KEY_UISupportedInterfaceOrientations_iPhone = "UIInterfaceOrientationPortrait UIInterfaceOrientationLandscapeLeft UIInterfaceOrientationLandscapeRight";
				LD_RUNPATH_SEARCH_PATHS = (
					"$(inherited)",
					"@executable_path/Frameworks",
				);
				MARKETING_VERSION = 1.0;
				PRODUCT_BUNDLE_IDENTIFIER = Wolfteinter.RickAndMorty;
				PRODUCT_NAME = "$(TARGET_NAME)";
				SWIFT_EMIT_LOC_STRINGS = YES;
				SWIFT_VERSION = 5.0;
				TARGETED_DEVICE_FAMILY = "1,2";
			};
			name = Release;
		};
		FD1B7E6C299A059400F91AA2 /* Debug */ = {
			isa = XCBuildConfiguration;
			buildSettings = {
				ALWAYS_EMBED_SWIFT_STANDARD_LIBRARIES = YES;
				BUNDLE_LOADER = "$(TEST_HOST)";
				CODE_SIGN_STYLE = Automatic;
				CURRENT_PROJECT_VERSION = 1;
				GENERATE_INFOPLIST_FILE = YES;
				IPHONEOS_DEPLOYMENT_TARGET = 16.2;
				MARKETING_VERSION = 1.0;
				PRODUCT_BUNDLE_IDENTIFIER = Wolfteinter.RickAndMortyTests;
				PRODUCT_NAME = "$(TARGET_NAME)";
				SWIFT_EMIT_LOC_STRINGS = NO;
				SWIFT_VERSION = 5.0;
				TARGETED_DEVICE_FAMILY = "1,2";
				TEST_HOST = "$(BUILT_PRODUCTS_DIR)/RickAndMorty.app/$(BUNDLE_EXECUTABLE_FOLDER_PATH)/RickAndMorty";
			};
			name = Debug;
		};
		FD1B7E6D299A059400F91AA2 /* Release */ = {
			isa = XCBuildConfiguration;
			buildSettings = {
				ALWAYS_EMBED_SWIFT_STANDARD_LIBRARIES = YES;
				BUNDLE_LOADER = "$(TEST_HOST)";
				CODE_SIGN_STYLE = Automatic;
				CURRENT_PROJECT_VERSION = 1;
				GENERATE_INFOPLIST_FILE = YES;
				IPHONEOS_DEPLOYMENT_TARGET = 16.2;
				MARKETING_VERSION = 1.0;
				PRODUCT_BUNDLE_IDENTIFIER = Wolfteinter.RickAndMortyTests;
				PRODUCT_NAME = "$(TARGET_NAME)";
				SWIFT_EMIT_LOC_STRINGS = NO;
				SWIFT_VERSION = 5.0;
				TARGETED_DEVICE_FAMILY = "1,2";
				TEST_HOST = "$(BUILT_PRODUCTS_DIR)/RickAndMorty.app/$(BUNDLE_EXECUTABLE_FOLDER_PATH)/RickAndMorty";
			};
			name = Release;
		};
		FD1B7E6F299A059400F91AA2 /* Debug */ = {
			isa = XCBuildConfiguration;
			buildSettings = {
				ALWAYS_EMBED_SWIFT_STANDARD_LIBRARIES = YES;
				CODE_SIGN_STYLE = Automatic;
				CURRENT_PROJECT_VERSION = 1;
				GENERATE_INFOPLIST_FILE = YES;
				MARKETING_VERSION = 1.0;
				PRODUCT_BUNDLE_IDENTIFIER = Wolfteinter.RickAndMortyUITests;
				PRODUCT_NAME = "$(TARGET_NAME)";
				SWIFT_EMIT_LOC_STRINGS = NO;
				SWIFT_VERSION = 5.0;
				TARGETED_DEVICE_FAMILY = "1,2";
				TEST_TARGET_NAME = RickAndMorty;
			};
			name = Debug;
		};
		FD1B7E70299A059400F91AA2 /* Release */ = {
			isa = XCBuildConfiguration;
			buildSettings = {
				ALWAYS_EMBED_SWIFT_STANDARD_LIBRARIES = YES;
				CODE_SIGN_STYLE = Automatic;
				CURRENT_PROJECT_VERSION = 1;
				GENERATE_INFOPLIST_FILE = YES;
				MARKETING_VERSION = 1.0;
				PRODUCT_BUNDLE_IDENTIFIER = Wolfteinter.RickAndMortyUITests;
				PRODUCT_NAME = "$(TARGET_NAME)";
				SWIFT_EMIT_LOC_STRINGS = NO;
				SWIFT_VERSION = 5.0;
				TARGETED_DEVICE_FAMILY = "1,2";
				TEST_TARGET_NAME = RickAndMorty;
			};
			name = Release;
		};
/* End XCBuildConfiguration section */

/* Begin XCConfigurationList section */
		FD1B7E36299A059100F91AA2 /* Build configuration list for PBXProject "RickAndMorty" */ = {
			isa = XCConfigurationList;
			buildConfigurations = (
				FD1B7E66299A059400F91AA2 /* Debug */,
				FD1B7E67299A059400F91AA2 /* Release */,
			);
			defaultConfigurationIsVisible = 0;
			defaultConfigurationName = Release;
		};
		FD1B7E68299A059400F91AA2 /* Build configuration list for PBXNativeTarget "RickAndMorty" */ = {
			isa = XCConfigurationList;
			buildConfigurations = (
				FD1B7E69299A059400F91AA2 /* Debug */,
				FD1B7E6A299A059400F91AA2 /* Release */,
			);
			defaultConfigurationIsVisible = 0;
			defaultConfigurationName = Release;
		};
		FD1B7E6B299A059400F91AA2 /* Build configuration list for PBXNativeTarget "RickAndMortyTests" */ = {
			isa = XCConfigurationList;
			buildConfigurations = (
				FD1B7E6C299A059400F91AA2 /* Debug */,
				FD1B7E6D299A059400F91AA2 /* Release */,
			);
			defaultConfigurationIsVisible = 0;
			defaultConfigurationName = Release;
		};
		FD1B7E6E299A059400F91AA2 /* Build configuration list for PBXNativeTarget "RickAndMortyUITests" */ = {
			isa = XCConfigurationList;
			buildConfigurations = (
				FD1B7E6F299A059400F91AA2 /* Debug */,
				FD1B7E70299A059400F91AA2 /* Release */,
			);
			defaultConfigurationIsVisible = 0;
			defaultConfigurationName = Release;
		};
/* End XCConfigurationList section */

/* Begin XCVersionGroup section */
		FD1B7E47299A059100F91AA2 /* RickAndMorty.xcdatamodeld */ = {
			isa = XCVersionGroup;
			children = (
				FD1B7E48299A059100F91AA2 /* RickAndMorty.xcdatamodel */,
			);
			currentVersion = FD1B7E48299A059100F91AA2 /* RickAndMorty.xcdatamodel */;
			path = RickAndMorty.xcdatamodeld;
			sourceTree = "<group>";
			versionGroupType = wrapper.xcdatamodel;
		};
/* End XCVersionGroup section */
	};
	rootObject = FD1B7E33299A059100F91AA2 /* Project object */;
}
